{
  "name": "a1-notify",
  "version": "1.0.0",
  "lockfileVersion": 1,
  "requires": true,
  "dependencies": {
    "a1-beep": {
      "version": "1.0.0",
      "resolved": "https://registry.npmjs.org/a1-beep/-/a1-beep-1.0.0.tgz",
      "integrity": "sha512-yV4HrsqdiLslXCVRk4AWmDmS1gHhji16BUDu7K/ZZjz+ceQ+nLTQmjpptGBlGJU1sYLw0+5hEzxxC2wmVZfNxg==",
      "requires": {
        "a1-util": "^1.0.3"
      }
    },
    "a1-util": {
      "version": "1.0.3",
      "resolved": "https://registry.npmjs.org/a1-util/-/a1-util-1.0.3.tgz",
      "integrity": "sha512-Wat96umf8mwp0gVZRsQh/igUMsqn0ds2e9QJpGhSY7jB29MFzwLiv53cXyJvZHlAT72wktjUmoKrKmqzqikazQ=="
    },
    "node-fetch": {
      "version": "2.6.0",
      "resolved": "https://registry.npmjs.org/node-fetch/-/node-fetch-2.6.0.tgz",
      "integrity": "sha512-8dG4H5ujfvFiqDmVu9fQ5bOHUC15JMjMY/Zumv26oOvvVJjM67KF8koCWIabKQ1GJIa9r2mMZscBq/TbdOcmNA=="
    }
  }
}
