{
  "name": "a1-notify",
  "version": "2.1.0",
  "lockfileVersion": 3,
  "requires": true,
  "packages": {
    "": {
      "name": "a1-notify",
      "version": "2.1.0",
      "license": "MIT",
      "dependencies": {
        "a1-beep": "^2.0.1",
        "nodemailer": "^7.0.11"
      }
    },
    "node_modules/a1-beep": {
      "version": "2.0.1",
      "resolved": "https://registry.npmjs.org/a1-beep/-/a1-beep-2.0.1.tgz",
      "integrity": "sha512-iohnCPCYNgkaRPSzfYUf2B0juwFOCp1t27RxnOA35AcV02vqjofl7MK9tY7WeUPotDbamU6XqXgYh2IrRSGKoQ==",
      "dependencies": {
        "a1-util": "^2.0.0"
      }
    },
    "node_modules/a1-util": {
      "version": "2.1.0",
      "resolved": "https://registry.npmjs.org/a1-util/-/a1-util-2.1.0.tgz",
      "integrity": "sha512-3aGDfwa+SXlITYCVFJXuN0j7ui11IxqQfdfOWwzIGspUBt2PLUjk+XXsOfQ7YeoL8AoWxUlEuA0snlyql6eZ8w=="
    },
    "node_modules/nodemailer": {
      "version": "7.0.11",
      "resolved": "https://registry.npmjs.org/nodemailer/-/nodemailer-7.0.11.tgz",
      "integrity": "sha512-gnXhNRE0FNhD7wPSCGhdNh46Hs6nm+uTyg+Kq0cZukNQiYdnCsoQjodNP9BQVG9XrcK/v6/MgpAPBUFyzh9pvw==",
      "license": "MIT-0",
      "engines": {
        "node": ">=6.0.0"
      }
    }
  }
}
